
Microsoft Visual Studio Solution File, Format Version 12.00
# Visual Studio Version 16
VisualStudioVersion = 16.0.30011.22
MinimumVisualStudioVersion = 10.0.40219.1
Project("{FAE04EC0-301F-11D3-BF4B-00C04F79EFBC}") = "UserService", "UserService\UserService.csproj", "{48110F51-E201-4022-AEDD-47AF3655993F}"
EndProject
Global
	GlobalSection(SolutionConfigurationPlatforms) = preSolution
		Debug|Any CPU = Debug|Any CPU
		Release|Any CPU = Release|Any CPU
	EndGlobalSection
	GlobalSection(ProjectConfigurationPlatforms) = postSolution
		{48110F51-E201-4022-AEDD-47AF3655993F}.Debug|Any CPU.ActiveCfg = Debug|Any CPU
		{48110F51-E201-4022-AEDD-47AF3655993F}.Debug|Any CPU.Build.0 = Debug|Any CPU
		{48110F51-E201-4022-AEDD-47AF3655993F}.Release|Any CPU.ActiveCfg = Release|Any CPU
		{48110F51-E201-4022-AEDD-47AF3655993F}.Release|Any CPU.Build.0 = Release|Any CPU
	EndGlobalSection
	GlobalSection(SolutionProperties) = preSolution
		HideSolutionNode = FALSE
	EndGlobalSection
	GlobalSection(ExtensibilityGlobals) = postSolution
		SolutionGuid = {E5233909-047A-4650-8407-24B91370A55C}
	EndGlobalSection
EndGlobal
